{
  "name": "expose-wsl",
  "version": "0.0.1",
  "lockfileVersion": 3,
  "requires": true,
  "packages": {
    "": {
      "name": "expose-wsl",
      "version": "0.0.1",
      "license": "ISC",
      "bin": {
        "expose-wsl": "run.js"
      },
      "devDependencies": {
        "@types/node": "^18.11.13"
      }
    },
    "node_modules/@types/node": {
      "version": "18.11.13",
      "resolved": "https://registry.npmjs.org/@types/node/-/node-18.11.13.tgz",
      "integrity": "sha512-IASpMGVcWpUsx5xBOrxMj7Bl8lqfuTY7FKAnPmu5cHkfQVWF8GulWS1jbRqA934qZL35xh5xN/+Xe/i26Bod4w==",
      "dev": true
    }
  }
}
