# THIS IS AN AUTOGENERATED FILE. DO NOT EDIT THIS FILE DIRECTLY.
# yarn lockfile v1


"@types/node@^18.11.14":
  version "18.11.14"
  resolved "https://registry.yarnpkg.com/@types/node/-/node-18.11.14.tgz#a8571b25f3a31e9ded14e3ab9488509adef831d8"
  integrity sha512-0KXV57tENYmmJMl+FekeW9V3O/rlcqGQQJ/hNh9r8pKIj304pskWuEd8fCyNT86g/TpO0gcOTiLzsHLEURFMIQ==
